
Microsoft Visual Studio Solution File, Format Version 12.00
# Visual Studio Version 17
VisualStudioVersion = 17.14.36301.6 d17.14
MinimumVisualStudioVersion = 10.0.40219.1
Project("{FAE04EC0-301F-11D3-BF4B-00C04F79EFBC}") = "InventorySalesSystem", "InventorySalesSystem\InventorySalesSystem.csproj", "{75E80B72-AD05-459A-A580-FD4CB2683C10}"
EndProject
Global
	GlobalSection(SolutionConfigurationPlatforms) = preSolution
		Debug|Any CPU = Debug|Any CPU
		Release|Any CPU = Release|Any CPU
	EndGlobalSection
	GlobalSection(ProjectConfigurationPlatforms) = postSolution
		{75E80B72-AD05-459A-A580-FD4CB2683C10}.Debug|Any CPU.ActiveCfg = Debug|Any CPU
		{75E80B72-AD05-459A-A580-FD4CB2683C10}.Debug|Any CPU.Build.0 = Debug|Any CPU
		{75E80B72-AD05-459A-A580-FD4CB2683C10}.Release|Any CPU.ActiveCfg = Release|Any CPU
		{75E80B72-AD05-459A-A580-FD4CB2683C10}.Release|Any CPU.Build.0 = Release|Any CPU
	EndGlobalSection
	GlobalSection(SolutionProperties) = preSolution
		HideSolutionNode = FALSE
	EndGlobalSection
	GlobalSection(ExtensibilityGlobals) = postSolution
		SolutionGuid = {D933A87E-6DC4-4A6B-B1C3-FA89B47A2414}
	EndGlobalSection
EndGlobal
